<?xml version="1.0" encoding="UTF-8" standalone="yes" ?>
<CodeBlocks_project_file>
	<FileVersion major="1" minor="6" />
	<Project>
		<Option title="commandlinedebug" />
		<Option pch_mode="2" />
		<Option compiler="gcc" />
		<Build>
			<Target title="Debug">
				<Option output="bin/Debug/commandlinedebug" prefix_auto="1" extension_auto="1" />
				<Option object_output="obj/Debug/" />
				<Option type="1" />
				<Option compiler="gcc" />
				<Option parameters="/home/chris/development/ostore/test_stores/test.store -i 11 FILE /home/chris/development/ostore/test_stores/Makefile" />
				<Compiler>
					<Add option="-g" />
				</Compiler>
			</Target>
			<Target title="Release">
				<Option output="bin/Release/commandlinedebug" prefix_auto="1" extension_auto="1" />
				<Option object_output="obj/Release/" />
				<Option type="1" />
				<Option compiler="gcc" />
				<Compiler>
					<Add option="-O2" />
				</Compiler>
				<Linker>
					<Add option="-s" />
				</Linker>
			</Target>
		</Build>
		<Compiler>
			<Add option="-Wall" />
			<Add option="-fexceptions" />
			<Add directory="/home/chris/development/ostore/commandlinedebug/" />
			<Add directory="../export" />
			<Add directory="../inc" />
		</Compiler>
		<Unit filename="../commandlinetool/commandlinetool.cpp" />
		<Unit filename="../commandlinetool/debug.cpp" />
		<Unit filename="../commandlinetool/debug.h" />
		<Unit filename="../commandlinetool/iobase.cpp" />
		<Unit filename="../commandlinetool/iobase.h" />
		<Unit filename="../commandlinetool/parameters.cpp" />
		<Unit filename="../commandlinetool/parameters.h" />
		<Unit filename="../export/ostore.h" />
		<Unit filename="../inc/ostore_internal.h" />
		<Unit filename="../ostore/ostore.c">
			<Option compilerVar="CC" />
		</Unit>
		<Unit filename="../ostore/ostore_internal.c">
			<Option compilerVar="CC" />
		</Unit>
		<Extensions />
	</Project>
</CodeBlocks_project_file>
